PODS:
  - JLRoutes (2.0.5)
  - JSONKit-NoWarning (1.2)
  - SSKeychain (1.4.1)

DEPENDENCIES:
  - JLRoutes (~> 2.0.1)
  - JSONKit-NoWarning (~> 1.2)
  - SSKeychain (~> 1.4.1)

SPEC CHECKSUMS:
  JLRoutes: 2a5ee61d739b51a98c9d8112bee5149a19de8854
  JSONKit-NoWarning: 3d27e6f9e6846ecf741e8c64dcadd7d5aa7193cb
  SSKeychain: 55cc80f66f5c73da827e3077f02e43528897db41

PODFILE CHECKSUM: b4c47a7ba1f18973be5d869caa5ccaa1198693a4

COCOAPODS: 1.2.1
